# This file is automatically @generated by Cargo.
# It is not intended for manual editing.
version = 4

[[package]]
name = "borrowing"
version = "0.1.0"

[[package]]
name = "collections_vector_hashmap"
version = "0.1.0"

[[package]]
name = "control-flow"
version = "0.1.0"

[[package]]
name = "data_type"
version = "0.1.0"

[[package]]
name = "enums_and_match"
version = "0.1.0"

[[package]]
name = "foundation_concept-1"
version = "0.1.0"

[[package]]
name = "functions_statements"
version = "0.1.0"

[[package]]
name = "iterators_and_methods"
version = "0.1.0"

[[package]]
name = "ownership"
version = "0.1.0"

[[package]]
name = "references_and_slicing"
version = "0.1.0"

[[package]]
name = "structs_and_impl"
version = "0.1.0"

[[package]]
name = "variable"
version = "0.1.0"

[[package]]
name = "vector_methods"
version = "0.1.0"
